
Microsoft Visual Studio Solution File, Format Version 12.00
# Visual Studio Version 17
VisualStudioVersion = 17.9.34728.123
MinimumVisualStudioVersion = 10.0.40219.1
Project("{FAE04EC0-301F-11D3-BF4B-00C04F79EFBC}") = "HomeCleaning", "HomeCleaning\HomeCleaning.csproj", "{C3633F8D-C391-440A-BE16-28A6526AEAF2}"
EndProject
Global
	GlobalSection(SolutionConfigurationPlatforms) = preSolution
		Debug|Any CPU = Debug|Any CPU
		Release|Any CPU = Release|Any CPU
	EndGlobalSection
	GlobalSection(ProjectConfigurationPlatforms) = postSolution
		{C3633F8D-C391-440A-BE16-28A6526AEAF2}.Debug|Any CPU.ActiveCfg = Debug|Any CPU
		{C3633F8D-C391-440A-BE16-28A6526AEAF2}.Debug|Any CPU.Build.0 = Debug|Any CPU
		{C3633F8D-C391-440A-BE16-28A6526AEAF2}.Release|Any CPU.ActiveCfg = Release|Any CPU
		{C3633F8D-C391-440A-BE16-28A6526AEAF2}.Release|Any CPU.Build.0 = Release|Any CPU
	EndGlobalSection
	GlobalSection(SolutionProperties) = preSolution
		HideSolutionNode = FALSE
	EndGlobalSection
	GlobalSection(ExtensibilityGlobals) = postSolution
		SolutionGuid = {0D7B1AE7-67DF-4EC2-9899-93DFB75A0F69}
	EndGlobalSection
EndGlobal
